
Microsoft Visual Studio Solution File, Format Version 12.00
# Visual Studio Version 17
VisualStudioVersion = 17.14.36915.13
MinimumVisualStudioVersion = 10.0.40219.1
Project("{FAE04EC0-301F-11D3-BF4B-00C04F79EFBC}") = "Queues.Backend", "Queues.Backend\Queues.Backend.csproj", "{68764909-E01C-46D5-94E7-C12CBEF09184}"
EndProject
Project("{FAE04EC0-301F-11D3-BF4B-00C04F79EFBC}") = "QueueUsingArray.UI.Console", "QueueUsingArray.UI.Console\QueueUsingArray.UI.Console.csproj", "{EEE222A2-32EB-4658-80C4-6B0BFA56DBF5}"
EndProject
Project("{FAE04EC0-301F-11D3-BF4B-00C04F79EFBC}") = "QueueUsingList.UI.Console", "QueueUsingList.UI.Console\QueueUsingList.UI.Console.csproj", "{816103D9-1145-4E24-8AFF-5749E756EF4F}"
EndProject
Project("{FAE04EC0-301F-11D3-BF4B-00C04F79EFBC}") = "QueuesDemo.UI.Console", "QueuesDemo.UI.Console\QueuesDemo.UI.Console.csproj", "{0084F921-1C5F-4772-B361-35DE528C3E1E}"
EndProject
Global
	GlobalSection(SolutionConfigurationPlatforms) = preSolution
		Debug|Any CPU = Debug|Any CPU
		Release|Any CPU = Release|Any CPU
	EndGlobalSection
	GlobalSection(ProjectConfigurationPlatforms) = postSolution
		{68764909-E01C-46D5-94E7-C12CBEF09184}.Debug|Any CPU.ActiveCfg = Debug|Any CPU
		{68764909-E01C-46D5-94E7-C12CBEF09184}.Debug|Any CPU.Build.0 = Debug|Any CPU
		{68764909-E01C-46D5-94E7-C12CBEF09184}.Release|Any CPU.ActiveCfg = Release|Any CPU
		{68764909-E01C-46D5-94E7-C12CBEF09184}.Release|Any CPU.Build.0 = Release|Any CPU
		{EEE222A2-32EB-4658-80C4-6B0BFA56DBF5}.Debug|Any CPU.ActiveCfg = Debug|Any CPU
		{EEE222A2-32EB-4658-80C4-6B0BFA56DBF5}.Debug|Any CPU.Build.0 = Debug|Any CPU
		{EEE222A2-32EB-4658-80C4-6B0BFA56DBF5}.Release|Any CPU.ActiveCfg = Release|Any CPU
		{EEE222A2-32EB-4658-80C4-6B0BFA56DBF5}.Release|Any CPU.Build.0 = Release|Any CPU
		{816103D9-1145-4E24-8AFF-5749E756EF4F}.Debug|Any CPU.ActiveCfg = Debug|Any CPU
		{816103D9-1145-4E24-8AFF-5749E756EF4F}.Debug|Any CPU.Build.0 = Debug|Any CPU
		{816103D9-1145-4E24-8AFF-5749E756EF4F}.Release|Any CPU.ActiveCfg = Release|Any CPU
		{816103D9-1145-4E24-8AFF-5749E756EF4F}.Release|Any CPU.Build.0 = Release|Any CPU
		{0084F921-1C5F-4772-B361-35DE528C3E1E}.Debug|Any CPU.ActiveCfg = Debug|Any CPU
		{0084F921-1C5F-4772-B361-35DE528C3E1E}.Debug|Any CPU.Build.0 = Debug|Any CPU
		{0084F921-1C5F-4772-B361-35DE528C3E1E}.Release|Any CPU.ActiveCfg = Release|Any CPU
		{0084F921-1C5F-4772-B361-35DE528C3E1E}.Release|Any CPU.Build.0 = Release|Any CPU
	EndGlobalSection
	GlobalSection(SolutionProperties) = preSolution
		HideSolutionNode = FALSE
	EndGlobalSection
	GlobalSection(ExtensibilityGlobals) = postSolution
		SolutionGuid = {4A340DE2-1CFF-492B-94A8-016E2CE1685D}
	EndGlobalSection
EndGlobal
